
Microsoft Visual Studio Solution File, Format Version 12.00
# Visual Studio Version 16
VisualStudioVersion = 16.0.31729.503
MinimumVisualStudioVersion = 10.0.40219.1
Project("{FAE04EC0-301F-11D3-BF4B-00C04F79EFBC}") = "RestaurantRater", "RestaurantRater\RestaurantRater.csproj", "{52609D1C-4EA2-457E-8CBD-F792387F6337}"
EndProject
Global
	GlobalSection(SolutionConfigurationPlatforms) = preSolution
		Debug|Any CPU = Debug|Any CPU
		Release|Any CPU = Release|Any CPU
	EndGlobalSection
	GlobalSection(ProjectConfigurationPlatforms) = postSolution
		{52609D1C-4EA2-457E-8CBD-F792387F6337}.Debug|Any CPU.ActiveCfg = Debug|Any CPU
		{52609D1C-4EA2-457E-8CBD-F792387F6337}.Debug|Any CPU.Build.0 = Debug|Any CPU
		{52609D1C-4EA2-457E-8CBD-F792387F6337}.Release|Any CPU.ActiveCfg = Release|Any CPU
		{52609D1C-4EA2-457E-8CBD-F792387F6337}.Release|Any CPU.Build.0 = Release|Any CPU
	EndGlobalSection
	GlobalSection(SolutionProperties) = preSolution
		HideSolutionNode = FALSE
	EndGlobalSection
	GlobalSection(ExtensibilityGlobals) = postSolution
		SolutionGuid = {54351F7E-3E26-4024-A3A0-4118465A4C2F}
	EndGlobalSection
EndGlobal
